<?xml version="1.0" encoding="utf-8"?>
<Project ToolsVersion="4.0" xmlns="http://schemas.microsoft.com/developer/msbuild/2003">
  <ItemGroup>
    <Filter Include="소스 파일">
      <UniqueIdentifier>{4FC737F1-C7A5-4376-A066-2A32D752A2FF}</UniqueIdentifier>
      <Extensions>cpp;c;cc;cxx;def;odl;idl;hpj;bat;asm;asmx</Extensions>
    </Filter>
    <Filter Include="헤더 파일">
      <UniqueIdentifier>{93995380-89BD-4b04-88EB-625FBE52EBFB}</UniqueIdentifier>
      <Extensions>h;hh;hpp;hxx;hm;inl;inc;ipp;xsd</Extensions>
    </Filter>
    <Filter Include="GameFramework2D">
      <UniqueIdentifier>{9fbd4086-f21e-4a3b-b3d1-8ac4c5f5fa1b}</UniqueIdentifier>
    </Filter>
    <Filter Include="MainGame">
      <UniqueIdentifier>{0197a609-4f17-4b09-bb41-10cc33d95d87}</UniqueIdentifier>
    </Filter>
    <Filter Include="GameFramework2D\WinMain">
      <UniqueIdentifier>{4a79707c-1728-49f2-ba7d-dc17dad14387}</UniqueIdentifier>
    </Filter>
    <Filter Include="MainGame\Player">
      <UniqueIdentifier>{8dedb022-032e-4e6d-955f-9603c8277adf}</UniqueIdentifier>
    </Filter>
    <Filter Include="GameFramework2D\Image">
      <UniqueIdentifier>{1851a966-ba68-4f2f-8ebc-640729b7e225}</UniqueIdentifier>
    </Filter>
    <Filter Include="GameFramework2D\Utill">
      <UniqueIdentifier>{0e047507-cff2-4a5e-8198-0c562e8e0211}</UniqueIdentifier>
    </Filter>
    <Filter Include="GameFramework2D\Manager">
      <UniqueIdentifier>{5ce72af8-e27e-4d87-81a9-202553e2a4fc}</UniqueIdentifier>
    </Filter>
    <Filter Include="GameFramework2D\Bullet">
      <UniqueIdentifier>{b9eb04df-28c2-4810-892e-c2bfca8911fd}</UniqueIdentifier>
    </Filter>
    <Filter Include="MainGame\이응주필터">
      <UniqueIdentifier>{ab3369b3-748a-4547-bf9e-3459baf5ce53}</UniqueIdentifier>
    </Filter>
  </ItemGroup>
  <ItemGroup>
    <ClInclude Include="commonMacroFunction.h">
      <Filter>GameFramework2D\Utill</Filter>
    </ClInclude>
    <ClInclude Include="mainGame.h">
      <Filter>MainGame</Filter>
    </ClInclude>
    <ClInclude Include="singletonBase.h">
      <Filter>GameFramework2D\Manager</Filter>
    </ClInclude>
    <ClInclude Include="keyManager.h">
      <Filter>GameFramework2D\Manager</Filter>
    </ClInclude>
    <ClInclude Include="gameNode.h">
      <Filter>GameFramework2D\WinMain</Filter>
    </ClInclude>
    <ClInclude Include="stdafx.h">
      <Filter>GameFramework2D\WinMain</Filter>
    </ClInclude>
    <ClInclude Include="randomFunction.h">
      <Filter>GameFramework2D\Utill</Filter>
    </ClInclude>
    <ClInclude Include="image.h">
      <Filter>GameFramework2D\Image</Filter>
    </ClInclude>
    <ClInclude Include="imageManager.h">
      <Filter>GameFramework2D\Manager</Filter>
    </ClInclude>
    <ClInclude Include="util.h">
      <Filter>GameFramework2D\Utill</Filter>
    </ClInclude>
    <ClInclude Include="player.h">
      <Filter>MainGame\Player</Filter>
    </ClInclude>
    <ClInclude Include="bullet.h">
      <Filter>GameFramework2D\Bullet</Filter>
    </ClInclude>
    <ClInclude Include="cameraManager.h">
      <Filter>GameFramework2D\Manager</Filter>
    </ClInclude>
    <ClInclude Include="enemyTT.h">
      <Filter>MainGame\이응주필터</Filter>
    </ClInclude>
  </ItemGroup>
  <ItemGroup>
    <ClCompile Include="stdafx.cpp">
      <Filter>GameFramework2D\WinMain</Filter>
    </ClCompile>
    <ClCompile Include="winMain.cpp">
      <Filter>GameFramework2D\WinMain</Filter>
    </ClCompile>
    <ClCompile Include="mainGame.cpp">
      <Filter>MainGame</Filter>
    </ClCompile>
    <ClCompile Include="keyManager.cpp">
      <Filter>GameFramework2D\Manager</Filter>
    </ClCompile>
    <ClCompile Include="gameNode.cpp">
      <Filter>GameFramework2D\WinMain</Filter>
    </ClCompile>
    <ClCompile Include="image.cpp">
      <Filter>GameFramework2D\Image</Filter>
    </ClCompile>
    <ClCompile Include="imageManager.cpp">
      <Filter>GameFramework2D\Manager</Filter>
    </ClCompile>
    <ClCompile Include="util.cpp">
      <Filter>GameFramework2D\Utill</Filter>
    </ClCompile>
    <ClCompile Include="player.cpp">
      <Filter>MainGame\Player</Filter>
    </ClCompile>
    <ClCompile Include="bullet.cpp">
      <Filter>GameFramework2D\Bullet</Filter>
    </ClCompile>
    <ClCompile Include="cameraManager.cpp">
      <Filter>GameFramework2D\Manager</Filter>
    </ClCompile>
    <ClCompile Include="enemyTT.cpp">
      <Filter>MainGame\이응주필터</Filter>
    </ClCompile>
  </ItemGroup>
</Project>